
Microsoft Visual Studio Solution File, Format Version 12.00
# Visual Studio Version 16
VisualStudioVersion = 16.0.33130.400
MinimumVisualStudioVersion = 10.0.40219.1
Project("{9A19103F-16F7-4668-BE54-9A1E7A4F7556}") = "DataAccess", "DataAccess\DataAccess.csproj", "{732C10E0-C4AD-4356-A8F2-F0941D315CCD}"
EndProject
Project("{9A19103F-16F7-4668-BE54-9A1E7A4F7556}") = "Business", "Business\Business.csproj", "{92E61D12-7764-4A3E-962A-79532BA81BC5}"
EndProject
Project("{9A19103F-16F7-4668-BE54-9A1E7A4F7556}") = "Entities", "Entities\Entities.csproj", "{FC3F7DB0-6601-466C-8B40-FEE9870B0D21}"
EndProject
Project("{9A19103F-16F7-4668-BE54-9A1E7A4F7556}") = "ConsoleUI", "ConsoleUI\ConsoleUI.csproj", "{080BF6C0-5FB8-4290-BA00-E02ACB1F9145}"
EndProject
Project("{FAE04EC0-301F-11D3-BF4B-00C04F79EFBC}") = "Core", "Core\Core.csproj", "{FEFAEB6D-E64D-44F1-A892-E547DB9F5F37}"
EndProject
Global
	GlobalSection(SolutionConfigurationPlatforms) = preSolution
		Debug|Any CPU = Debug|Any CPU
		Release|Any CPU = Release|Any CPU
	EndGlobalSection
	GlobalSection(ProjectConfigurationPlatforms) = postSolution
		{732C10E0-C4AD-4356-A8F2-F0941D315CCD}.Debug|Any CPU.ActiveCfg = Debug|Any CPU
		{732C10E0-C4AD-4356-A8F2-F0941D315CCD}.Debug|Any CPU.Build.0 = Debug|Any CPU
		{732C10E0-C4AD-4356-A8F2-F0941D315CCD}.Release|Any CPU.ActiveCfg = Release|Any CPU
		{732C10E0-C4AD-4356-A8F2-F0941D315CCD}.Release|Any CPU.Build.0 = Release|Any CPU
		{92E61D12-7764-4A3E-962A-79532BA81BC5}.Debug|Any CPU.ActiveCfg = Debug|Any CPU
		{92E61D12-7764-4A3E-962A-79532BA81BC5}.Debug|Any CPU.Build.0 = Debug|Any CPU
		{92E61D12-7764-4A3E-962A-79532BA81BC5}.Release|Any CPU.ActiveCfg = Release|Any CPU
		{92E61D12-7764-4A3E-962A-79532BA81BC5}.Release|Any CPU.Build.0 = Release|Any CPU
		{FC3F7DB0-6601-466C-8B40-FEE9870B0D21}.Debug|Any CPU.ActiveCfg = Debug|Any CPU
		{FC3F7DB0-6601-466C-8B40-FEE9870B0D21}.Debug|Any CPU.Build.0 = Debug|Any CPU
		{FC3F7DB0-6601-466C-8B40-FEE9870B0D21}.Release|Any CPU.ActiveCfg = Release|Any CPU
		{FC3F7DB0-6601-466C-8B40-FEE9870B0D21}.Release|Any CPU.Build.0 = Release|Any CPU
		{080BF6C0-5FB8-4290-BA00-E02ACB1F9145}.Debug|Any CPU.ActiveCfg = Debug|Any CPU
		{080BF6C0-5FB8-4290-BA00-E02ACB1F9145}.Debug|Any CPU.Build.0 = Debug|Any CPU
		{080BF6C0-5FB8-4290-BA00-E02ACB1F9145}.Release|Any CPU.ActiveCfg = Release|Any CPU
		{080BF6C0-5FB8-4290-BA00-E02ACB1F9145}.Release|Any CPU.Build.0 = Release|Any CPU
		{FEFAEB6D-E64D-44F1-A892-E547DB9F5F37}.Debug|Any CPU.ActiveCfg = Debug|Any CPU
		{FEFAEB6D-E64D-44F1-A892-E547DB9F5F37}.Debug|Any CPU.Build.0 = Debug|Any CPU
		{FEFAEB6D-E64D-44F1-A892-E547DB9F5F37}.Release|Any CPU.ActiveCfg = Release|Any CPU
		{FEFAEB6D-E64D-44F1-A892-E547DB9F5F37}.Release|Any CPU.Build.0 = Release|Any CPU
	EndGlobalSection
	GlobalSection(SolutionProperties) = preSolution
		HideSolutionNode = FALSE
	EndGlobalSection
	GlobalSection(ExtensibilityGlobals) = postSolution
		SolutionGuid = {379B3E4A-FB2E-4CB1-A619-A31DB3DF546C}
	EndGlobalSection
EndGlobal
